
Microsoft Visual Studio Solution File, Format Version 12.00
# Visual Studio 15
VisualStudioVersion = 15.0.27130.2010
MinimumVisualStudioVersion = 10.0.40219.1
Project("{FAE04EC0-301F-11D3-BF4B-00C04F79EFBC}") = "Teste1", "Teste1\Teste1.csproj", "{6406DAF9-5037-4232-958E-8C94CFCFDBB5}"
EndProject
Project("{2150E333-8FDC-42A3-9474-1A3956D46DE8}") = "Web", "Web", "{CCA18B83-CC92-4508-BA10-ABFF931C460A}"
EndProject
Project("{2150E333-8FDC-42A3-9474-1A3956D46DE8}") = "Application", "Application", "{51D9256C-144E-4680-B270-CB91F9486C5C}"
EndProject
Project("{2150E333-8FDC-42A3-9474-1A3956D46DE8}") = "Api", "Api", "{6CF5BA58-4587-4A5C-A842-B13BFFB1FFC7}"
EndProject
Project("{2150E333-8FDC-42A3-9474-1A3956D46DE8}") = "Domain", "Domain", "{79040511-C48C-4F75-92B6-328A888A9AA3}"
EndProject
Project("{2150E333-8FDC-42A3-9474-1A3956D46DE8}") = "Infra", "Infra", "{EF3B3F5B-3A5F-403E-A717-A4723FCAB8CF}"
EndProject
Project("{FAE04EC0-301F-11D3-BF4B-00C04F79EFBC}") = "Teste1.Api", "Teste1.Api\Teste1.Api.csproj", "{B7F4257C-69A1-470D-B156-A63818808FE0}"
EndProject
Project("{FAE04EC0-301F-11D3-BF4B-00C04F79EFBC}") = "Teste1.Repository", "Teste1.Repository\Teste1.Repository.csproj", "{D5BF3D3F-D258-4E83-8B01-93D24F39378B}"
EndProject
Project("{FAE04EC0-301F-11D3-BF4B-00C04F79EFBC}") = "Teste1.Domain", "Teste1.Domain\Teste1.Domain.csproj", "{FF0C7209-D2D4-427B-9CED-93BCF843DEF2}"
EndProject
Global
	GlobalSection(SolutionConfigurationPlatforms) = preSolution
		Debug|Any CPU = Debug|Any CPU
		Release|Any CPU = Release|Any CPU
	EndGlobalSection
	GlobalSection(ProjectConfigurationPlatforms) = postSolution
		{6406DAF9-5037-4232-958E-8C94CFCFDBB5}.Debug|Any CPU.ActiveCfg = Debug|Any CPU
		{6406DAF9-5037-4232-958E-8C94CFCFDBB5}.Debug|Any CPU.Build.0 = Debug|Any CPU
		{6406DAF9-5037-4232-958E-8C94CFCFDBB5}.Release|Any CPU.ActiveCfg = Release|Any CPU
		{6406DAF9-5037-4232-958E-8C94CFCFDBB5}.Release|Any CPU.Build.0 = Release|Any CPU
		{B7F4257C-69A1-470D-B156-A63818808FE0}.Debug|Any CPU.ActiveCfg = Debug|Any CPU
		{B7F4257C-69A1-470D-B156-A63818808FE0}.Debug|Any CPU.Build.0 = Debug|Any CPU
		{B7F4257C-69A1-470D-B156-A63818808FE0}.Release|Any CPU.ActiveCfg = Release|Any CPU
		{B7F4257C-69A1-470D-B156-A63818808FE0}.Release|Any CPU.Build.0 = Release|Any CPU
		{D5BF3D3F-D258-4E83-8B01-93D24F39378B}.Debug|Any CPU.ActiveCfg = Debug|Any CPU
		{D5BF3D3F-D258-4E83-8B01-93D24F39378B}.Debug|Any CPU.Build.0 = Debug|Any CPU
		{D5BF3D3F-D258-4E83-8B01-93D24F39378B}.Release|Any CPU.ActiveCfg = Release|Any CPU
		{D5BF3D3F-D258-4E83-8B01-93D24F39378B}.Release|Any CPU.Build.0 = Release|Any CPU
		{FF0C7209-D2D4-427B-9CED-93BCF843DEF2}.Debug|Any CPU.ActiveCfg = Debug|Any CPU
		{FF0C7209-D2D4-427B-9CED-93BCF843DEF2}.Debug|Any CPU.Build.0 = Debug|Any CPU
		{FF0C7209-D2D4-427B-9CED-93BCF843DEF2}.Release|Any CPU.ActiveCfg = Release|Any CPU
		{FF0C7209-D2D4-427B-9CED-93BCF843DEF2}.Release|Any CPU.Build.0 = Release|Any CPU
	EndGlobalSection
	GlobalSection(SolutionProperties) = preSolution
		HideSolutionNode = FALSE
	EndGlobalSection
	GlobalSection(NestedProjects) = preSolution
		{6406DAF9-5037-4232-958E-8C94CFCFDBB5} = {CCA18B83-CC92-4508-BA10-ABFF931C460A}
		{B7F4257C-69A1-470D-B156-A63818808FE0} = {6CF5BA58-4587-4A5C-A842-B13BFFB1FFC7}
		{D5BF3D3F-D258-4E83-8B01-93D24F39378B} = {EF3B3F5B-3A5F-403E-A717-A4723FCAB8CF}
		{FF0C7209-D2D4-427B-9CED-93BCF843DEF2} = {79040511-C48C-4F75-92B6-328A888A9AA3}
	EndGlobalSection
	GlobalSection(ExtensibilityGlobals) = postSolution
		SolutionGuid = {4B4ED0D9-88D0-47E6-B6C5-8C83A341A56F}
	EndGlobalSection
EndGlobal
